
Microsoft Visual Studio Solution File, Format Version 12.00
# Visual Studio 15
VisualStudioVersion = 15.0.27703.2026
MinimumVisualStudioVersion = 10.0.40219.1
Project("{9A19103F-16F7-4668-BE54-9A1E7A4F7556}") = "MikeyFriedChicken.DotNetCoreTypeScript", "MikeyFriedChicken.DotNetCoreTypeScript\MikeyFriedChicken.DotNetCoreTypeScript.csproj", "{788A25C1-E7D7-4C89-B963-72CFAEC0A601}"
EndProject
Project("{9A19103F-16F7-4668-BE54-9A1E7A4F7556}") = "MikeyFriedChicken.DotNetCoreTypeScript.Tests", "MikeyFriedChicken.DotNetCoreTypeScript.Tests\MikeyFriedChicken.DotNetCoreTypeScript.Tests.csproj", "{275C29B7-6651-49F8-BA71-0B6DF133121D}"
EndProject
Global
	GlobalSection(SolutionConfigurationPlatforms) = preSolution
		Debug|Any CPU = Debug|Any CPU
		Release|Any CPU = Release|Any CPU
	EndGlobalSection
	GlobalSection(ProjectConfigurationPlatforms) = postSolution
		{788A25C1-E7D7-4C89-B963-72CFAEC0A601}.Debug|Any CPU.ActiveCfg = Debug|Any CPU
		{788A25C1-E7D7-4C89-B963-72CFAEC0A601}.Debug|Any CPU.Build.0 = Debug|Any CPU
		{788A25C1-E7D7-4C89-B963-72CFAEC0A601}.Release|Any CPU.ActiveCfg = Release|Any CPU
		{788A25C1-E7D7-4C89-B963-72CFAEC0A601}.Release|Any CPU.Build.0 = Release|Any CPU
		{275C29B7-6651-49F8-BA71-0B6DF133121D}.Debug|Any CPU.ActiveCfg = Debug|Any CPU
		{275C29B7-6651-49F8-BA71-0B6DF133121D}.Debug|Any CPU.Build.0 = Debug|Any CPU
		{275C29B7-6651-49F8-BA71-0B6DF133121D}.Release|Any CPU.ActiveCfg = Release|Any CPU
		{275C29B7-6651-49F8-BA71-0B6DF133121D}.Release|Any CPU.Build.0 = Release|Any CPU
	EndGlobalSection
	GlobalSection(SolutionProperties) = preSolution
		HideSolutionNode = FALSE
	EndGlobalSection
	GlobalSection(ExtensibilityGlobals) = postSolution
		SolutionGuid = {DA1B586F-9662-4DC0-94C6-5929820A965B}
	EndGlobalSection
EndGlobal
